{
  "version": 4,
  "terraform_version": "1.12.2",
  "serial": 112,
  "lineage": "f73da760-f80e-e486-833d-d5e0f4b865e0",
  "outputs": {},
  "resources": [
    {
      "mode": "managed",
      "type": "google_artifact_registry_repository",
      "name": "repo",
      "provider": "provider[\"registry.terraform.io/hashicorp/google\"]",
      "instances": [
        {
          "schema_version": 0,
          "attributes": {
            "cleanup_policies": [],
            "cleanup_policy_dry_run": false,
            "create_time": "2025-08-30T09:11:41.634897Z",
            "description": "",
            "docker_config": [],
            "effective_labels": {
              "domain": "retail",
              "env": "dev"
            },
            "format": "DOCKER",
            "id": "projects/speedy-carver-470315-s4/locations/asia-south1/repositories/retail-dev-containers",
            "kms_key_name": "",
            "labels": {
              "domain": "retail",
              "env": "dev"
            },
            "location": "asia-south1",
            "maven_config": [],
            "mode": "STANDARD_REPOSITORY",
            "name": "retail-dev-containers",
            "project": "speedy-carver-470315-s4",
            "remote_repository_config": [],
            "repository_id": "retail-dev-containers",
            "terraform_labels": {
              "domain": "retail",
              "env": "dev"
            },
            "timeouts": null,
            "update_time": "2025-08-30T09:38:01.936286Z",
            "virtual_repository_config": []
          },
          "sensitive_attributes": [],
          "identity_schema_version": 0,
          "private": "eyJlMmJmYjczMC1lY2FhLTExZTYtOGY4OC0zNDM2M2JjN2M0YzAiOnsiY3JlYXRlIjoxMjAwMDAwMDAwMDAwLCJkZWxldGUiOjEyMDAwMDAwMDAwMDAsInVwZGF0ZSI6MTIwMDAwMDAwMDAwMH19"
        }
      ]
    },
    {
      "mode": "managed",
      "type": "google_cloud_run_v2_job",
      "name": "bronze_load",
      "provider": "provider[\"registry.terraform.io/hashicorp/google\"]",
      "instances": [
        {
          "schema_version": 0,
          "attributes": {
            "annotations": {},
            "binary_authorization": [],
            "client": "",
            "client_version": "",
            "conditions": [],
            "create_time": "2025-08-30T09:29:15.152928Z",
            "creator": "dataengineegcp@gmail.com",
            "delete_time": "",
            "effective_annotations": {},
            "effective_labels": {},
            "etag": "\"COuIy8UGEID-9Ug/cHJvamVjdHMvc3BlZWR5LWNhcnZlci00NzAzMTUtczQvbG9jYXRpb25zL2FzaWEtc291dGgxL2pvYnMvYnJvbnplLWRldi1sb2Fk\"",
            "execution_count": 0,
            "expire_time": "",
            "generation": "1",
            "id": "projects/speedy-carver-470315-s4/locations/asia-south1/jobs/bronze-dev-load",
            "labels": {},
            "last_modifier": "dataengineegcp@gmail.com",
            "latest_created_execution": [],
            "launch_stage": "GA",
            "location": "asia-south1",
            "name": "bronze-dev-load",
            "observed_generation": "1",
            "project": "speedy-carver-470315-s4",
            "reconciling": false,
            "template": [
              {
                "annotations": {},
                "labels": {},
                "parallelism": 0,
                "task_count": 1,
                "template": [
                  {
                    "containers": [
                      {
                        "args": [],
                        "command": [],
                        "env": [
                          {
                            "name": "PROJECT_ID",
                            "value": "speedy-carver-470315-s4",
                            "value_source": []
                          },
                          {
                            "name": "RAW_BUCKET",
                            "value": "retail-dev-raw",
                            "value_source": []
                          },
                          {
                            "name": "BRONZE_DATASET",
                            "value": "bronze_dev",
                            "value_source": []
                          },
                          {
                            "name": "METADATA_DATASET",
                            "value": "metadata_dev",
                            "value_source": []
                          }
                        ],
                        "image": "asia-south1-docker.pkg.dev/speedy-carver-470315-s4/retail-dev-containers/bronze:latest",
                        "name": "",
                        "ports": [],
                        "resources": [
                          {
                            "limits": {
                              "cpu": "1000m",
                              "memory": "512Mi"
                            }
                          }
                        ],
                        "volume_mounts": [],
                        "working_dir": ""
                      }
                    ],
                    "encryption_key": "",
                    "execution_environment": "EXECUTION_ENVIRONMENT_GEN2",
                    "max_retries": 3,
                    "service_account": "retail-dev-runner@speedy-carver-470315-s4.iam.gserviceaccount.com",
                    "timeout": "600s",
                    "volumes": [],
                    "vpc_access": []
                  }
                ]
              }
            ],
            "terminal_condition": [
              {
                "execution_reason": "",
                "last_transition_time": "2025-08-30T09:30:44.022780Z",
                "message": "",
                "reason": "",
                "revision_reason": "",
                "severity": "",
                "state": "CONDITION_SUCCEEDED",
                "type": "Ready"
              }
            ],
            "terraform_labels": {},
            "timeouts": null,
            "uid": "b87d89a1-2266-4621-9aa2-d9c29eee44b0",
            "update_time": "2025-08-30T09:29:15.152928Z"
          },
          "sensitive_attributes": [],
          "identity_schema_version": 0,
          "private": "eyJlMmJmYjczMC1lY2FhLTExZTYtOGY4OC0zNDM2M2JjN2M0YzAiOnsiY3JlYXRlIjoxMjAwMDAwMDAwMDAwLCJkZWxldGUiOjEyMDAwMDAwMDAwMDAsInVwZGF0ZSI6MTIwMDAwMDAwMDAwMH19",
          "dependencies": [
            "google_artifact_registry_repository.repo",
            "google_service_account.runner",
            "google_storage_bucket.raw",
            "module.core_datasets.google_bigquery_dataset.ds"
          ]
        }
      ]
    },
    {
      "mode": "managed",
      "type": "google_cloud_run_v2_job",
      "name": "silver_clean",
      "provider": "provider[\"registry.terraform.io/hashicorp/google\"]",
      "instances": [
        {
          "schema_version": 0,
          "attributes": {
            "annotations": null,
            "binary_authorization": [],
            "client": "",
            "client_version": "",
            "conditions": [],
            "create_time": "2025-08-30T09:40:01.107654Z",
            "creator": "dataengineegcp@gmail.com",
            "delete_time": "",
            "effective_annotations": {},
            "effective_labels": {},
            "etag": "\"CPGNy8UGEPDWqjM/cHJvamVjdHMvc3BlZWR5LWNhcnZlci00NzAzMTUtczQvbG9jYXRpb25zL2FzaWEtc291dGgxL2pvYnMvc2lsdmVyLWRldi1jbGVhbg\"",
            "execution_count": 0,
            "expire_time": "",
            "generation": "1",
            "id": "projects/speedy-carver-470315-s4/locations/asia-south1/jobs/silver-dev-clean",
            "labels": null,
            "last_modifier": "dataengineegcp@gmail.com",
            "latest_created_execution": [],
            "launch_stage": "GA",
            "location": "asia-south1",
            "name": "silver-dev-clean",
            "observed_generation": "1",
            "project": "speedy-carver-470315-s4",
            "reconciling": false,
            "template": [
              {
                "annotations": null,
                "labels": null,
                "parallelism": 0,
                "task_count": 1,
                "template": [
                  {
                    "containers": [
                      {
                        "args": null,
                        "command": null,
                        "env": [
                          {
                            "name": "PROJECT_ID",
                            "value": "speedy-carver-470315-s4",
                            "value_source": []
                          },
                          {
                            "name": "SILVER_DATASET",
                            "value": "silver_dev",
                            "value_source": []
                          },
                          {
                            "name": "METADATA_DATASET",
                            "value": "metadata_dev",
                            "value_source": []
                          }
                        ],
                        "image": "asia-south1-docker.pkg.dev/speedy-carver-470315-s4/retail-dev-containers/silver:latest",
                        "name": "",
                        "ports": [],
                        "resources": [
                          {
                            "limits": {
                              "cpu": "1000m",
                              "memory": "512Mi"
                            }
                          }
                        ],
                        "volume_mounts": [],
                        "working_dir": ""
                      }
                    ],
                    "encryption_key": "",
                    "execution_environment": "EXECUTION_ENVIRONMENT_GEN2",
                    "max_retries": 3,
                    "service_account": "retail-dev-runner@speedy-carver-470315-s4.iam.gserviceaccount.com",
                    "timeout": "600s",
                    "volumes": [],
                    "vpc_access": []
                  }
                ]
              }
            ],
            "terminal_condition": [
              {
                "execution_reason": "",
                "last_transition_time": "2025-08-30T09:40:01.554543Z",
                "message": "",
                "reason": "",
                "revision_reason": "",
                "severity": "",
                "state": "CONDITION_SUCCEEDED",
                "type": "Ready"
              }
            ],
            "terraform_labels": {},
            "timeouts": null,
            "uid": "6c6c15f2-34e5-4def-9fb0-57b51fe986d8",
            "update_time": "2025-08-30T09:40:01.107654Z"
          },
          "sensitive_attributes": [],
          "identity_schema_version": 0,
          "private": "eyJlMmJmYjczMC1lY2FhLTExZTYtOGY4OC0zNDM2M2JjN2M0YzAiOnsiY3JlYXRlIjoxMjAwMDAwMDAwMDAwLCJkZWxldGUiOjEyMDAwMDAwMDAwMDAsInVwZGF0ZSI6MTIwMDAwMDAwMDAwMH19",
          "dependencies": [
            "google_artifact_registry_repository.repo",
            "google_service_account.runner",
            "module.core_datasets.google_bigquery_dataset.ds"
          ]
        }
      ]
    },
    {
      "mode": "managed",
      "type": "google_project_iam_member",
      "name": "sa_bq_admin",
      "provider": "provider[\"registry.terraform.io/hashicorp/google\"]",
      "instances": [
        {
          "schema_version": 0,
          "attributes": {
            "condition": [],
            "etag": "BwY9kambTJU=",
            "id": "speedy-carver-470315-s4/roles/bigquery.admin/serviceAccount:retail-dev-runner@speedy-carver-470315-s4.iam.gserviceaccount.com",
            "member": "serviceAccount:retail-dev-runner@speedy-carver-470315-s4.iam.gserviceaccount.com",
            "project": "speedy-carver-470315-s4",
            "role": "roles/bigquery.admin"
          },
          "sensitive_attributes": [],
          "identity_schema_version": 0,
          "private": "bnVsbA==",
          "dependencies": [
            "google_service_account.runner"
          ]
        }
      ]
    },
    {
      "mode": "managed",
      "type": "google_project_iam_member",
      "name": "sa_pubsub",
      "provider": "provider[\"registry.terraform.io/hashicorp/google\"]",
      "instances": [
        {
          "schema_version": 0,
          "attributes": {
            "condition": [],
            "etag": "BwY9kambTJU=",
            "id": "speedy-carver-470315-s4/roles/pubsub.editor/serviceAccount:retail-dev-runner@speedy-carver-470315-s4.iam.gserviceaccount.com",
            "member": "serviceAccount:retail-dev-runner@speedy-carver-470315-s4.iam.gserviceaccount.com",
            "project": "speedy-carver-470315-s4",
            "role": "roles/pubsub.editor"
          },
          "sensitive_attributes": [],
          "identity_schema_version": 0,
          "private": "bnVsbA==",
          "dependencies": [
            "google_service_account.runner"
          ]
        }
      ]
    },
    {
      "mode": "managed",
      "type": "google_project_iam_member",
      "name": "sa_storage",
      "provider": "provider[\"registry.terraform.io/hashicorp/google\"]",
      "instances": [
        {
          "schema_version": 0,
          "attributes": {
            "condition": [],
            "etag": "BwY9kambTJU=",
            "id": "speedy-carver-470315-s4/roles/storage.objectAdmin/serviceAccount:retail-dev-runner@speedy-carver-470315-s4.iam.gserviceaccount.com",
            "member": "serviceAccount:retail-dev-runner@speedy-carver-470315-s4.iam.gserviceaccount.com",
            "project": "speedy-carver-470315-s4",
            "role": "roles/storage.objectAdmin"
          },
          "sensitive_attributes": [],
          "identity_schema_version": 0,
          "private": "bnVsbA==",
          "dependencies": [
            "google_service_account.runner"
          ]
        }
      ]
    },
    {
      "mode": "managed",
      "type": "google_pubsub_subscription",
      "name": "orders",
      "provider": "provider[\"registry.terraform.io/hashicorp/google\"]",
      "instances": [
        {
          "schema_version": 0,
          "attributes": {
            "ack_deadline_seconds": 30,
            "bigquery_config": [],
            "cloud_storage_config": [],
            "dead_letter_policy": [
              {
                "dead_letter_topic": "projects/speedy-carver-470315-s4/topics/orders-dev-topic",
                "max_delivery_attempts": 5
              }
            ],
            "effective_labels": {},
            "enable_exactly_once_delivery": false,
            "enable_message_ordering": false,
            "expiration_policy": [
              {
                "ttl": "2678400s"
              }
            ],
            "filter": "",
            "id": "projects/speedy-carver-470315-s4/subscriptions/orders-dev-sub",
            "labels": {},
            "message_retention_duration": "604800s",
            "name": "orders-dev-sub",
            "project": "speedy-carver-470315-s4",
            "push_config": [],
            "retain_acked_messages": false,
            "retry_policy": [],
            "terraform_labels": {},
            "timeouts": null,
            "topic": "projects/speedy-carver-470315-s4/topics/orders-dev-topic"
          },
          "sensitive_attributes": [],
          "identity_schema_version": 0,
          "private": "eyJlMmJmYjczMC1lY2FhLTExZTYtOGY4OC0zNDM2M2JjN2M0YzAiOnsiY3JlYXRlIjoxMjAwMDAwMDAwMDAwLCJkZWxldGUiOjEyMDAwMDAwMDAwMDAsInVwZGF0ZSI6MTIwMDAwMDAwMDAwMH19",
          "dependencies": [
            "google_pubsub_topic.orders"
          ]
        }
      ]
    },
    {
      "mode": "managed",
      "type": "google_pubsub_topic",
      "name": "orders",
      "provider": "provider[\"registry.terraform.io/hashicorp/google\"]",
      "instances": [
        {
          "schema_version": 0,
          "attributes": {
            "effective_labels": {
              "domain": "retail",
              "env": "dev"
            },
            "id": "projects/speedy-carver-470315-s4/topics/orders-dev-topic",
            "ingestion_data_source_settings": [],
            "kms_key_name": "",
            "labels": {
              "domain": "retail",
              "env": "dev"
            },
            "message_retention_duration": "",
            "message_storage_policy": [],
            "name": "orders-dev-topic",
            "project": "speedy-carver-470315-s4",
            "schema_settings": [],
            "terraform_labels": {
              "domain": "retail",
              "env": "dev"
            },
            "timeouts": null
          },
          "sensitive_attributes": [],
          "identity_schema_version": 0,
          "private": "eyJlMmJmYjczMC1lY2FhLTExZTYtOGY4OC0zNDM2M2JjN2M0YzAiOnsiY3JlYXRlIjoxMjAwMDAwMDAwMDAwLCJkZWxldGUiOjEyMDAwMDAwMDAwMDAsInVwZGF0ZSI6MTIwMDAwMDAwMDAwMH19"
        }
      ]
    },
    {
      "mode": "managed",
      "type": "google_service_account",
      "name": "runner",
      "provider": "provider[\"registry.terraform.io/hashicorp/google\"]",
      "instances": [
        {
          "schema_version": 0,
          "attributes": {
            "account_id": "retail-dev-runner",
            "create_ignore_already_exists": null,
            "description": "",
            "disabled": false,
            "display_name": "Retail dev Runner",
            "email": "retail-dev-runner@speedy-carver-470315-s4.iam.gserviceaccount.com",
            "id": "projects/speedy-carver-470315-s4/serviceAccounts/retail-dev-runner@speedy-carver-470315-s4.iam.gserviceaccount.com",
            "member": "serviceAccount:retail-dev-runner@speedy-carver-470315-s4.iam.gserviceaccount.com",
            "name": "projects/speedy-carver-470315-s4/serviceAccounts/retail-dev-runner@speedy-carver-470315-s4.iam.gserviceaccount.com",
            "project": "speedy-carver-470315-s4",
            "timeouts": null,
            "unique_id": "109699215120281714307"
          },
          "sensitive_attributes": [],
          "identity_schema_version": 0,
          "private": "eyJlMmJmYjczMC1lY2FhLTExZTYtOGY4OC0zNDM2M2JjN2M0YzAiOnsiY3JlYXRlIjozMDAwMDAwMDAwMDB9fQ=="
        }
      ]
    },
    {
      "mode": "managed",
      "type": "google_storage_bucket",
      "name": "curated",
      "provider": "provider[\"registry.terraform.io/hashicorp/google\"]",
      "instances": [
        {
          "schema_version": 2,
          "attributes": {
            "autoclass": [],
            "cors": [],
            "custom_placement_config": [],
            "default_event_based_hold": false,
            "effective_labels": {
              "domain": "retail",
              "env": "dev"
            },
            "enable_object_retention": false,
            "encryption": [],
            "force_destroy": true,
            "id": "retail-dev-curated",
            "labels": {
              "domain": "retail",
              "env": "dev"
            },
            "lifecycle_rule": [],
            "location": "ASIA-SOUTH1",
            "logging": [],
            "name": "retail-dev-curated",
            "project": "speedy-carver-470315-s4",
            "project_number": 451975899930,
            "public_access_prevention": "inherited",
            "requester_pays": false,
            "retention_policy": [],
            "rpo": null,
            "self_link": "https://www.googleapis.com/storage/v1/b/retail-dev-curated",
            "soft_delete_policy": [
              {
                "effective_time": "2025-08-30T09:21:08.123Z",
                "retention_duration_seconds": 604800
              }
            ],
            "storage_class": "STANDARD",
            "terraform_labels": {
              "domain": "retail",
              "env": "dev"
            },
            "timeouts": null,
            "uniform_bucket_level_access": true,
            "url": "gs://retail-dev-curated",
            "versioning": [],
            "website": []
          },
          "sensitive_attributes": [],
          "identity_schema_version": 0,
          "private": "eyJlMmJmYjczMC1lY2FhLTExZTYtOGY4OC0zNDM2M2JjN2M0YzAiOnsiY3JlYXRlIjo2MDAwMDAwMDAwMDAsInJlYWQiOjI0MDAwMDAwMDAwMCwidXBkYXRlIjoyNDAwMDAwMDAwMDB9LCJzY2hlbWFfdmVyc2lvbiI6IjIifQ=="
        }
      ]
    },
    {
      "mode": "managed",
      "type": "google_storage_bucket",
      "name": "raw",
      "provider": "provider[\"registry.terraform.io/hashicorp/google\"]",
      "instances": [
        {
          "schema_version": 2,
          "attributes": {
            "autoclass": [],
            "cors": [],
            "custom_placement_config": [],
            "default_event_based_hold": false,
            "effective_labels": {
              "domain": "retail",
              "env": "dev"
            },
            "enable_object_retention": false,
            "encryption": [],
            "force_destroy": true,
            "id": "retail-dev-raw",
            "labels": {
              "domain": "retail",
              "env": "dev"
            },
            "lifecycle_rule": [],
            "location": "ASIA-SOUTH1",
            "logging": [],
            "name": "retail-dev-raw",
            "project": "speedy-carver-470315-s4",
            "project_number": 451975899930,
            "public_access_prevention": "inherited",
            "requester_pays": false,
            "retention_policy": [],
            "rpo": null,
            "self_link": "https://www.googleapis.com/storage/v1/b/retail-dev-raw",
            "soft_delete_policy": [
              {
                "effective_time": "2025-08-30T09:21:06.758Z",
                "retention_duration_seconds": 604800
              }
            ],
            "storage_class": "STANDARD",
            "terraform_labels": {
              "domain": "retail",
              "env": "dev"
            },
            "timeouts": null,
            "uniform_bucket_level_access": true,
            "url": "gs://retail-dev-raw",
            "versioning": [],
            "website": []
          },
          "sensitive_attributes": [],
          "identity_schema_version": 0,
          "private": "eyJlMmJmYjczMC1lY2FhLTExZTYtOGY4OC0zNDM2M2JjN2M0YzAiOnsiY3JlYXRlIjo2MDAwMDAwMDAwMDAsInJlYWQiOjI0MDAwMDAwMDAwMCwidXBkYXRlIjoyNDAwMDAwMDAwMDB9LCJzY2hlbWFfdmVyc2lvbiI6IjIifQ=="
        }
      ]
    },
    {
      "module": "module.bronze_tables",
      "mode": "managed",
      "type": "google_bigquery_table",
      "name": "t",
      "provider": "provider[\"registry.terraform.io/hashicorp/google\"]",
      "instances": [
        {
          "index_key": "bronze_dev.orders_bronze",
          "schema_version": 0,
          "attributes": {
            "allow_resource_tags_on_deletion": false,
            "clustering": [
              "order_id"
            ],
            "creation_time": 1756545670398,
            "dataset_id": "bronze_dev",
            "deletion_protection": false,
            "description": "Raw orders",
            "effective_labels": {
              "domain": "retail",
              "env": "dev",
              "layer": "bronze"
            },
            "encryption_configuration": [],
            "etag": "bS0Q1BT263LBmXPWyObgkw==",
            "expiration_time": 0,
            "external_data_configuration": [],
            "friendly_name": "",
            "id": "projects/speedy-carver-470315-s4/datasets/bronze_dev/tables/orders_bronze",
            "labels": {
              "domain": "retail",
              "env": "dev",
              "layer": "bronze"
            },
            "last_modified_time": 1756545670519,
            "location": "asia-south1",
            "materialized_view": [],
            "max_staleness": "",
            "num_bytes": 0,
            "num_long_term_bytes": 0,
            "num_rows": 0,
            "project": "speedy-carver-470315-s4",
            "range_partitioning": [],
            "require_partition_filter": null,
            "resource_tags": {},
            "schema": "[{\"mode\":\"REQUIRED\",\"name\":\"order_id\",\"type\":\"INTEGER\"},{\"mode\":\"REQUIRED\",\"name\":\"customer_id\",\"type\":\"INTEGER\"},{\"mode\":\"NULLABLE\",\"name\":\"amount\",\"type\":\"NUMERIC\"},{\"mode\":\"REQUIRED\",\"name\":\"updated_at\",\"type\":\"TIMESTAMP\"},{\"mode\":\"NULLABLE\",\"name\":\"_ingest_load_id\",\"type\":\"STRING\"}]",
            "self_link": "https://bigquery.googleapis.com/bigquery/v2/projects/speedy-carver-470315-s4/datasets/bronze_dev/tables/orders_bronze",
            "table_constraints": [],
            "table_id": "orders_bronze",
            "table_replication_info": [],
            "terraform_labels": {
              "domain": "retail",
              "env": "dev",
              "layer": "bronze"
            },
            "time_partitioning": [
              {
                "expiration_ms": 0,
                "field": "",
                "require_partition_filter": true,
                "type": "DAY"
              }
            ],
            "type": "TABLE",
            "view": []
          },
          "sensitive_attributes": [],
          "identity_schema_version": 0,
          "private": "bnVsbA==",
          "dependencies": [
            "module.core_datasets.google_bigquery_dataset.ds"
          ]
        },
        {
          "index_key": "metadata_dev.audit_log",
          "schema_version": 0,
          "attributes": {
            "allow_resource_tags_on_deletion": false,
            "clustering": [
              "layer",
              "stage",
              "table_name"
            ],
            "creation_time": 1756545670399,
            "dataset_id": "metadata_dev",
            "deletion_protection": false,
            "description": "Per-stage metrics",
            "effective_labels": {
              "domain": "retail",
              "env": "dev",
              "layer": "bronze"
            },
            "encryption_configuration": [],
            "etag": "EZWK05Tf2e6mp1Qu1m6IdQ==",
            "expiration_time": 0,
            "external_data_configuration": [],
            "friendly_name": "",
            "id": "projects/speedy-carver-470315-s4/datasets/metadata_dev/tables/audit_log",
            "labels": {
              "domain": "retail",
              "env": "dev",
              "layer": "bronze"
            },
            "last_modified_time": 1756545670523,
            "location": "asia-south1",
            "materialized_view": [],
            "max_staleness": "",
            "num_bytes": 0,
            "num_long_term_bytes": 0,
            "num_rows": 0,
            "project": "speedy-carver-470315-s4",
            "range_partitioning": [],
            "require_partition_filter": null,
            "resource_tags": {},
            "schema": "[{\"mode\":\"REQUIRED\",\"name\":\"load_id\",\"type\":\"STRING\"},{\"mode\":\"REQUIRED\",\"name\":\"layer\",\"type\":\"STRING\"},{\"mode\":\"REQUIRED\",\"name\":\"stage\",\"type\":\"STRING\"},{\"mode\":\"REQUIRED\",\"name\":\"table_name\",\"type\":\"STRING\"},{\"mode\":\"REQUIRED\",\"name\":\"env\",\"type\":\"STRING\"},{\"mode\":\"REQUIRED\",\"name\":\"start_time\",\"type\":\"TIMESTAMP\"},{\"mode\":\"NULLABLE\",\"name\":\"end_time\",\"type\":\"TIMESTAMP\"},{\"mode\":\"NULLABLE\",\"name\":\"src_count\",\"type\":\"INTEGER\"},{\"mode\":\"NULLABLE\",\"name\":\"written_count\",\"type\":\"INTEGER\"},{\"mode\":\"NULLABLE\",\"name\":\"checksum\",\"type\":\"STRING\"},{\"mode\":\"REQUIRED\",\"name\":\"status\",\"type\":\"STRING\"},{\"mode\":\"NULLABLE\",\"name\":\"error\",\"type\":\"STRING\"}]",
            "self_link": "https://bigquery.googleapis.com/bigquery/v2/projects/speedy-carver-470315-s4/datasets/metadata_dev/tables/audit_log",
            "table_constraints": [],
            "table_id": "audit_log",
            "table_replication_info": [],
            "terraform_labels": {
              "domain": "retail",
              "env": "dev",
              "layer": "bronze"
            },
            "time_partitioning": [
              {
                "expiration_ms": 0,
                "field": "start_time",
                "require_partition_filter": true,
                "type": "DAY"
              }
            ],
            "type": "TABLE",
            "view": []
          },
          "sensitive_attributes": [],
          "identity_schema_version": 0,
          "private": "bnVsbA==",
          "dependencies": [
            "module.core_datasets.google_bigquery_dataset.ds"
          ]
        },
        {
          "index_key": "metadata_dev.watermarks",
          "schema_version": 0,
          "attributes": {
            "allow_resource_tags_on_deletion": false,
            "clustering": null,
            "creation_time": 1756545670383,
            "dataset_id": "metadata_dev",
            "deletion_protection": false,
            "description": "High-watermarks",
            "effective_labels": {
              "domain": "retail",
              "env": "dev",
              "layer": "bronze"
            },
            "encryption_configuration": [],
            "etag": "TS64sFfiLrSSBmsMO7fXxA==",
            "expiration_time": 0,
            "external_data_configuration": [],
            "friendly_name": "",
            "id": "projects/speedy-carver-470315-s4/datasets/metadata_dev/tables/watermarks",
            "labels": {
              "domain": "retail",
              "env": "dev",
              "layer": "bronze"
            },
            "last_modified_time": 1756545670429,
            "location": "asia-south1",
            "materialized_view": [],
            "max_staleness": "",
            "num_bytes": 0,
            "num_long_term_bytes": 0,
            "num_rows": 0,
            "project": "speedy-carver-470315-s4",
            "range_partitioning": [],
            "require_partition_filter": null,
            "resource_tags": {},
            "schema": "[{\"mode\":\"REQUIRED\",\"name\":\"source\",\"type\":\"STRING\"},{\"mode\":\"REQUIRED\",\"name\":\"table\",\"type\":\"STRING\"},{\"mode\":\"REQUIRED\",\"name\":\"watermark\",\"type\":\"TIMESTAMP\"},{\"mode\":\"REQUIRED\",\"name\":\"updated_at\",\"type\":\"TIMESTAMP\"}]",
            "self_link": "https://bigquery.googleapis.com/bigquery/v2/projects/speedy-carver-470315-s4/datasets/metadata_dev/tables/watermarks",
            "table_constraints": [],
            "table_id": "watermarks",
            "table_replication_info": [],
            "terraform_labels": {
              "domain": "retail",
              "env": "dev",
              "layer": "bronze"
            },
            "time_partitioning": [
              {
                "expiration_ms": 0,
                "field": "updated_at",
                "require_partition_filter": true,
                "type": "DAY"
              }
            ],
            "type": "TABLE",
            "view": []
          },
          "sensitive_attributes": [],
          "identity_schema_version": 0,
          "private": "bnVsbA==",
          "dependencies": [
            "module.core_datasets.google_bigquery_dataset.ds"
          ]
        }
      ]
    },
    {
      "module": "module.core_datasets",
      "mode": "managed",
      "type": "google_bigquery_dataset",
      "name": "ds",
      "provider": "provider[\"registry.terraform.io/hashicorp/google\"]",
      "instances": [
        {
          "index_key": "bronze_dev",
          "schema_version": 0,
          "attributes": {
            "access": [
              {
                "dataset": [],
                "domain": "",
                "group_by_email": "",
                "iam_member": "",
                "role": "OWNER",
                "routine": [],
                "special_group": "",
                "user_by_email": "dataengineegcp@gmail.com",
                "view": []
              },
              {
                "dataset": [],
                "domain": "",
                "group_by_email": "",
                "iam_member": "",
                "role": "OWNER",
                "routine": [],
                "special_group": "projectOwners",
                "user_by_email": "",
                "view": []
              },
              {
                "dataset": [],
                "domain": "",
                "group_by_email": "",
                "iam_member": "",
                "role": "READER",
                "routine": [],
                "special_group": "projectReaders",
                "user_by_email": "",
                "view": []
              },
              {
                "dataset": [],
                "domain": "",
                "group_by_email": "",
                "iam_member": "",
                "role": "WRITER",
                "routine": [],
                "special_group": "projectWriters",
                "user_by_email": "",
                "view": []
              }
            ],
            "creation_time": 1756545667838,
            "dataset_id": "bronze_dev",
            "default_collation": "",
            "default_encryption_configuration": [],
            "default_partition_expiration_ms": 0,
            "default_table_expiration_ms": 0,
            "delete_contents_on_destroy": false,
            "description": "",
            "effective_labels": {},
            "etag": "LCfBfwylNu4tpwz2kj2jSQ==",
            "external_dataset_reference": [],
            "friendly_name": "",
            "id": "projects/speedy-carver-470315-s4/datasets/bronze_dev",
            "is_case_insensitive": false,
            "labels": {},
            "last_modified_time": 1756545667838,
            "location": "asia-south1",
            "max_time_travel_hours": "168",
            "project": "speedy-carver-470315-s4",
            "resource_tags": {},
            "self_link": "https://bigquery.googleapis.com/bigquery/v2/projects/speedy-carver-470315-s4/datasets/bronze_dev",
            "storage_billing_model": "",
            "terraform_labels": {},
            "timeouts": null
          },
          "sensitive_attributes": [],
          "identity_schema_version": 0,
          "private": "eyJlMmJmYjczMC1lY2FhLTExZTYtOGY4OC0zNDM2M2JjN2M0YzAiOnsiY3JlYXRlIjoxMjAwMDAwMDAwMDAwLCJkZWxldGUiOjEyMDAwMDAwMDAwMDAsInVwZGF0ZSI6MTIwMDAwMDAwMDAwMH19"
        },
        {
          "index_key": "gold_dev",
          "schema_version": 0,
          "attributes": {
            "access": [
              {
                "dataset": [],
                "domain": "",
                "group_by_email": "",
                "iam_member": "",
                "role": "OWNER",
                "routine": [],
                "special_group": "",
                "user_by_email": "dataengineegcp@gmail.com",
                "view": []
              },
              {
                "dataset": [],
                "domain": "",
                "group_by_email": "",
                "iam_member": "",
                "role": "OWNER",
                "routine": [],
                "special_group": "projectOwners",
                "user_by_email": "",
                "view": []
              },
              {
                "dataset": [],
                "domain": "",
                "group_by_email": "",
                "iam_member": "",
                "role": "READER",
                "routine": [],
                "special_group": "projectReaders",
                "user_by_email": "",
                "view": []
              },
              {
                "dataset": [],
                "domain": "",
                "group_by_email": "",
                "iam_member": "",
                "role": "WRITER",
                "routine": [],
                "special_group": "projectWriters",
                "user_by_email": "",
                "view": []
              }
            ],
            "creation_time": 1756545665917,
            "dataset_id": "gold_dev",
            "default_collation": "",
            "default_encryption_configuration": [],
            "default_partition_expiration_ms": 0,
            "default_table_expiration_ms": 0,
            "delete_contents_on_destroy": false,
            "description": "",
            "effective_labels": {},
            "etag": "aXhDb7OtlsSQxPjxD56jGg==",
            "external_dataset_reference": [],
            "friendly_name": "",
            "id": "projects/speedy-carver-470315-s4/datasets/gold_dev",
            "is_case_insensitive": false,
            "labels": {},
            "last_modified_time": 1756545665917,
            "location": "asia-south1",
            "max_time_travel_hours": "168",
            "project": "speedy-carver-470315-s4",
            "resource_tags": {},
            "self_link": "https://bigquery.googleapis.com/bigquery/v2/projects/speedy-carver-470315-s4/datasets/gold_dev",
            "storage_billing_model": "",
            "terraform_labels": {},
            "timeouts": null
          },
          "sensitive_attributes": [],
          "identity_schema_version": 0,
          "private": "eyJlMmJmYjczMC1lY2FhLTExZTYtOGY4OC0zNDM2M2JjN2M0YzAiOnsiY3JlYXRlIjoxMjAwMDAwMDAwMDAwLCJkZWxldGUiOjEyMDAwMDAwMDAwMDAsInVwZGF0ZSI6MTIwMDAwMDAwMDAwMH19"
        },
        {
          "index_key": "metadata_dev",
          "schema_version": 0,
          "attributes": {
            "access": [
              {
                "dataset": [],
                "domain": "",
                "group_by_email": "",
                "iam_member": "",
                "role": "OWNER",
                "routine": [],
                "special_group": "",
                "user_by_email": "dataengineegcp@gmail.com",
                "view": []
              },
              {
                "dataset": [],
                "domain": "",
                "group_by_email": "",
                "iam_member": "",
                "role": "OWNER",
                "routine": [],
                "special_group": "projectOwners",
                "user_by_email": "",
                "view": []
              },
              {
                "dataset": [],
                "domain": "",
                "group_by_email": "",
                "iam_member": "",
                "role": "READER",
                "routine": [],
                "special_group": "projectReaders",
                "user_by_email": "",
                "view": []
              },
              {
                "dataset": [],
                "domain": "",
                "group_by_email": "",
                "iam_member": "",
                "role": "WRITER",
                "routine": [],
                "special_group": "projectWriters",
                "user_by_email": "",
                "view": []
              }
            ],
            "creation_time": 1756545665917,
            "dataset_id": "metadata_dev",
            "default_collation": "",
            "default_encryption_configuration": [],
            "default_partition_expiration_ms": 0,
            "default_table_expiration_ms": 0,
            "delete_contents_on_destroy": false,
            "description": "",
            "effective_labels": {},
            "etag": "/dBRsci6gpq9y9gNEVy2pA==",
            "external_dataset_reference": [],
            "friendly_name": "",
            "id": "projects/speedy-carver-470315-s4/datasets/metadata_dev",
            "is_case_insensitive": false,
            "labels": {},
            "last_modified_time": 1756545665917,
            "location": "asia-south1",
            "max_time_travel_hours": "168",
            "project": "speedy-carver-470315-s4",
            "resource_tags": {},
            "self_link": "https://bigquery.googleapis.com/bigquery/v2/projects/speedy-carver-470315-s4/datasets/metadata_dev",
            "storage_billing_model": "",
            "terraform_labels": {},
            "timeouts": null
          },
          "sensitive_attributes": [],
          "identity_schema_version": 0,
          "private": "eyJlMmJmYjczMC1lY2FhLTExZTYtOGY4OC0zNDM2M2JjN2M0YzAiOnsiY3JlYXRlIjoxMjAwMDAwMDAwMDAwLCJkZWxldGUiOjEyMDAwMDAwMDAwMDAsInVwZGF0ZSI6MTIwMDAwMDAwMDAwMH19"
        },
        {
          "index_key": "silver_dev",
          "schema_version": 0,
          "attributes": {
            "access": [
              {
                "dataset": [],
                "domain": "",
                "group_by_email": "",
                "iam_member": "",
                "role": "OWNER",
                "routine": [],
                "special_group": "",
                "user_by_email": "dataengineegcp@gmail.com",
                "view": []
              },
              {
                "dataset": [],
                "domain": "",
                "group_by_email": "",
                "iam_member": "",
                "role": "OWNER",
                "routine": [],
                "special_group": "projectOwners",
                "user_by_email": "",
                "view": []
              },
              {
                "dataset": [],
                "domain": "",
                "group_by_email": "",
                "iam_member": "",
                "role": "READER",
                "routine": [],
                "special_group": "projectReaders",
                "user_by_email": "",
                "view": []
              },
              {
                "dataset": [],
                "domain": "",
                "group_by_email": "",
                "iam_member": "",
                "role": "WRITER",
                "routine": [],
                "special_group": "projectWriters",
                "user_by_email": "",
                "view": []
              }
            ],
            "creation_time": 1756545665969,
            "dataset_id": "silver_dev",
            "default_collation": "",
            "default_encryption_configuration": [],
            "default_partition_expiration_ms": 0,
            "default_table_expiration_ms": 0,
            "delete_contents_on_destroy": false,
            "description": "",
            "effective_labels": {},
            "etag": "rAG8CSOpuKOpm46aux1+Aw==",
            "external_dataset_reference": [],
            "friendly_name": "",
            "id": "projects/speedy-carver-470315-s4/datasets/silver_dev",
            "is_case_insensitive": false,
            "labels": {},
            "last_modified_time": 1756545665969,
            "location": "asia-south1",
            "max_time_travel_hours": "168",
            "project": "speedy-carver-470315-s4",
            "resource_tags": {},
            "self_link": "https://bigquery.googleapis.com/bigquery/v2/projects/speedy-carver-470315-s4/datasets/silver_dev",
            "storage_billing_model": "",
            "terraform_labels": {},
            "timeouts": null
          },
          "sensitive_attributes": [],
          "identity_schema_version": 0,
          "private": "eyJlMmJmYjczMC1lY2FhLTExZTYtOGY4OC0zNDM2M2JjN2M0YzAiOnsiY3JlYXRlIjoxMjAwMDAwMDAwMDAwLCJkZWxldGUiOjEyMDAwMDAwMDAwMDAsInVwZGF0ZSI6MTIwMDAwMDAwMDAwMH19"
        }
      ]
    },
    {
      "module": "module.gold_tables",
      "mode": "managed",
      "type": "google_bigquery_table",
      "name": "t",
      "provider": "provider[\"registry.terraform.io/hashicorp/google\"]",
      "instances": [
        {
          "index_key": "gold_dev.order_revenue_daily",
          "schema_version": 0,
          "attributes": {
            "allow_resource_tags_on_deletion": false,
            "clustering": null,
            "creation_time": 1756545670401,
            "dataset_id": "gold_dev",
            "deletion_protection": false,
            "description": "Daily revenue aggregates",
            "effective_labels": {
              "domain": "retail",
              "env": "dev",
              "layer": "gold"
            },
            "encryption_configuration": [],
            "etag": "C8Ai5+tuyRNlrUz0pZFuvQ==",
            "expiration_time": 0,
            "external_data_configuration": [],
            "friendly_name": "",
            "id": "projects/speedy-carver-470315-s4/datasets/gold_dev/tables/order_revenue_daily",
            "labels": {
              "domain": "retail",
              "env": "dev",
              "layer": "gold"
            },
            "last_modified_time": 1756545670523,
            "location": "asia-south1",
            "materialized_view": [],
            "max_staleness": "",
            "num_bytes": 0,
            "num_long_term_bytes": 0,
            "num_rows": 0,
            "project": "speedy-carver-470315-s4",
            "range_partitioning": [],
            "require_partition_filter": null,
            "resource_tags": {},
            "schema": "[{\"mode\":\"REQUIRED\",\"name\":\"order_date\",\"type\":\"DATE\"},{\"mode\":\"REQUIRED\",\"name\":\"orders\",\"type\":\"INTEGER\"},{\"mode\":\"REQUIRED\",\"name\":\"revenue\",\"type\":\"NUMERIC\"}]",
            "self_link": "https://bigquery.googleapis.com/bigquery/v2/projects/speedy-carver-470315-s4/datasets/gold_dev/tables/order_revenue_daily",
            "table_constraints": [],
            "table_id": "order_revenue_daily",
            "table_replication_info": [],
            "terraform_labels": {
              "domain": "retail",
              "env": "dev",
              "layer": "gold"
            },
            "time_partitioning": [
              {
                "expiration_ms": 0,
                "field": "order_date",
                "require_partition_filter": true,
                "type": "DAY"
              }
            ],
            "type": "TABLE",
            "view": []
          },
          "sensitive_attributes": [],
          "identity_schema_version": 0,
          "private": "bnVsbA==",
          "dependencies": [
            "module.core_datasets.google_bigquery_dataset.ds"
          ]
        }
      ]
    },
    {
      "module": "module.silver_tables",
      "mode": "managed",
      "type": "google_bigquery_table",
      "name": "t",
      "provider": "provider[\"registry.terraform.io/hashicorp/google\"]",
      "instances": [
        {
          "index_key": "silver_dev.orders_silver",
          "schema_version": 0,
          "attributes": {
            "allow_resource_tags_on_deletion": false,
            "clustering": [
              "order_id",
              "customer_id"
            ],
            "creation_time": 1756545670397,
            "dataset_id": "silver_dev",
            "deletion_protection": false,
            "description": "Cleaned orders",
            "effective_labels": {
              "domain": "retail",
              "env": "dev",
              "layer": "silver"
            },
            "encryption_configuration": [],
            "etag": "eXWnz/Iakd696XHix6xkow==",
            "expiration_time": 0,
            "external_data_configuration": [],
            "friendly_name": "",
            "id": "projects/speedy-carver-470315-s4/datasets/silver_dev/tables/orders_silver",
            "labels": {
              "domain": "retail",
              "env": "dev",
              "layer": "silver"
            },
            "last_modified_time": 1756545670523,
            "location": "asia-south1",
            "materialized_view": [],
            "max_staleness": "",
            "num_bytes": 0,
            "num_long_term_bytes": 0,
            "num_rows": 0,
            "project": "speedy-carver-470315-s4",
            "range_partitioning": [],
            "require_partition_filter": null,
            "resource_tags": {},
            "schema": "[{\"mode\":\"REQUIRED\",\"name\":\"order_id\",\"type\":\"INTEGER\"},{\"mode\":\"REQUIRED\",\"name\":\"customer_id\",\"type\":\"INTEGER\"},{\"mode\":\"NULLABLE\",\"name\":\"amount\",\"type\":\"NUMERIC\"},{\"mode\":\"REQUIRED\",\"name\":\"updated_at\",\"type\":\"TIMESTAMP\"}]",
            "self_link": "https://bigquery.googleapis.com/bigquery/v2/projects/speedy-carver-470315-s4/datasets/silver_dev/tables/orders_silver",
            "table_constraints": [],
            "table_id": "orders_silver",
            "table_replication_info": [],
            "terraform_labels": {
              "domain": "retail",
              "env": "dev",
              "layer": "silver"
            },
            "time_partitioning": [
              {
                "expiration_ms": 0,
                "field": "updated_at",
                "require_partition_filter": true,
                "type": "DAY"
              }
            ],
            "type": "TABLE",
            "view": []
          },
          "sensitive_attributes": [],
          "identity_schema_version": 0,
          "private": "bnVsbA==",
          "dependencies": [
            "module.core_datasets.google_bigquery_dataset.ds"
          ]
        }
      ]
    }
  ],
  "check_results": null
}
